<?xml version="1.0" encoding="utf-8"?>
<Project ToolsVersion="4.0" xmlns="http://schemas.microsoft.com/developer/msbuild/2003">
  <ItemGroup>
    <Filter Include="Archivos de origen">
      <UniqueIdentifier>{4FC737F1-C7A5-4376-A066-2A32D752A2FF}</UniqueIdentifier>
      <Extensions>cpp;c;cc;cxx;c++;cppm;ixx;def;odl;idl;hpj;bat;asm;asmx</Extensions>
    </Filter>
    <Filter Include="Game">
      <UniqueIdentifier>{237da0e6-759b-4c21-9311-eebd60c8d9a6}</UniqueIdentifier>
    </Filter>
    <Filter Include="Game\Player">
      <UniqueIdentifier>{c5723f10-4e12-4cb5-8aed-4543df14f30d}</UniqueIdentifier>
    </Filter>
    <Filter Include="Game\Obstacles">
      <UniqueIdentifier>{54ab40bc-6d25-4083-945a-b7322b432bd2}</UniqueIdentifier>
    </Filter>
    <Filter Include="Game\Logic">
      <UniqueIdentifier>{a1f7471b-f308-441b-9db2-90acdfda1cac}</UniqueIdentifier>
    </Filter>
  </ItemGroup>
  <ItemGroup>
    <ClCompile Include="main.cpp">
      <Filter>Archivos de origen</Filter>
    </ClCompile>
    <ClCompile Include="Game.cpp">
      <Filter>Game</Filter>
    </ClCompile>
    <ClCompile Include="Player.cpp">
      <Filter>Game\Player</Filter>
    </ClCompile>
    <ClCompile Include="Obstacle.cpp">
      <Filter>Game\Obstacles</Filter>
    </ClCompile>
    <ClCompile Include="collisions.cpp">
      <Filter>Game\Logic</Filter>
    </ClCompile>
  </ItemGroup>
  <ItemGroup>
    <ClInclude Include="Obstacle.h">
      <Filter>Game\Obstacles</Filter>
    </ClInclude>
    <ClInclude Include="Player.h">
      <Filter>Game\Player</Filter>
    </ClInclude>
    <ClInclude Include="Game.h">
      <Filter>Game</Filter>
    </ClInclude>
    <ClInclude Include="collisions.h">
      <Filter>Game\Logic</Filter>
    </ClInclude>
  </ItemGroup>
</Project>